
Microsoft Visual Studio Solution File, Format Version 12.00
# Visual Studio Version 17
VisualStudioVersion = 17.12.35707.178
MinimumVisualStudioVersion = 10.0.40219.1
Project("{FAE04EC0-301F-11D3-BF4B-00C04F79EFBC}") = "MotorTownDiscordBot", "MotorTownDiscordBot.csproj", "{742D7286-72CF-4090-9B14-984ECBAF0877}"
EndProject
Project("{FAE04EC0-301F-11D3-BF4B-00C04F79EFBC}") = "MotorTownDiscordBotTest", "..\MotorTownDiscordBotTest\MotorTownDiscordBotTest.csproj", "{86A825FF-60D8-4E02-8B64-56DA416F20BD}"
EndProject
Global
	GlobalSection(SolutionConfigurationPlatforms) = preSolution
		Debug|Any CPU = Debug|Any CPU
		Release|Any CPU = Release|Any CPU
	EndGlobalSection
	GlobalSection(ProjectConfigurationPlatforms) = postSolution
		{742D7286-72CF-4090-9B14-984ECBAF0877}.Debug|Any CPU.ActiveCfg = Debug|Any CPU
		{742D7286-72CF-4090-9B14-984ECBAF0877}.Debug|Any CPU.Build.0 = Debug|Any CPU
		{742D7286-72CF-4090-9B14-984ECBAF0877}.Release|Any CPU.ActiveCfg = Release|Any CPU
		{742D7286-72CF-4090-9B14-984ECBAF0877}.Release|Any CPU.Build.0 = Release|Any CPU
		{86A825FF-60D8-4E02-8B64-56DA416F20BD}.Debug|Any CPU.ActiveCfg = Debug|Any CPU
		{86A825FF-60D8-4E02-8B64-56DA416F20BD}.Debug|Any CPU.Build.0 = Debug|Any CPU
		{86A825FF-60D8-4E02-8B64-56DA416F20BD}.Release|Any CPU.ActiveCfg = Release|Any CPU
		{86A825FF-60D8-4E02-8B64-56DA416F20BD}.Release|Any CPU.Build.0 = Release|Any CPU
	EndGlobalSection
	GlobalSection(SolutionProperties) = preSolution
		HideSolutionNode = FALSE
	EndGlobalSection
EndGlobal
